
Microsoft Visual Studio Solution File, Format Version 12.00
# Visual Studio 15
VisualStudioVersion = 15.0.28307.1259
MinimumVisualStudioVersion = 10.0.40219.1
Project("{FAE04EC0-301F-11D3-BF4B-00C04F79EFBC}") = "CSF1HomewordV1", "CSF1HomewordV1\CSF1HomewordV1.csproj", "{03C2CE74-5DEB-4C2B-91B6-533B20B4EDA9}"
EndProject
Global
	GlobalSection(SolutionConfigurationPlatforms) = preSolution
		Debug|Any CPU = Debug|Any CPU
		Release|Any CPU = Release|Any CPU
	EndGlobalSection
	GlobalSection(ProjectConfigurationPlatforms) = postSolution
		{03C2CE74-5DEB-4C2B-91B6-533B20B4EDA9}.Debug|Any CPU.ActiveCfg = Debug|Any CPU
		{03C2CE74-5DEB-4C2B-91B6-533B20B4EDA9}.Debug|Any CPU.Build.0 = Debug|Any CPU
		{03C2CE74-5DEB-4C2B-91B6-533B20B4EDA9}.Release|Any CPU.ActiveCfg = Release|Any CPU
		{03C2CE74-5DEB-4C2B-91B6-533B20B4EDA9}.Release|Any CPU.Build.0 = Release|Any CPU
	EndGlobalSection
	GlobalSection(SolutionProperties) = preSolution
		HideSolutionNode = FALSE
	EndGlobalSection
	GlobalSection(ExtensibilityGlobals) = postSolution
		SolutionGuid = {490F8A6F-5F96-46B6-9339-D5FBC815BED6}
	EndGlobalSection
EndGlobal
